# THIS IS AN AUTOGENERATED FILE. DO NOT EDIT THIS FILE DIRECTLY.
# yarn lockfile v1


"@tauri-apps/cli-linux-x64-gnu@2.11.3":
  version "2.11.3"
  resolved "https://registry.npmjs.org/@tauri-apps/cli-linux-x64-gnu/-/cli-linux-x64-gnu-2.11.3.tgz"
  integrity sha512-+u3HO/F3gHwL48t9gWN/urqZvpaEJzBFmTaq5eSIhvy8TOvnhb+LgJr3Q3BG+5JxuBrCUjqtOEz6gMttdJFSBA==

"@tauri-apps/cli-linux-x64-musl@2.11.3":
  version "2.11.3"
  resolved "https://registry.npmjs.org/@tauri-apps/cli-linux-x64-musl/-/cli-linux-x64-musl-2.11.3.tgz"
  integrity sha512-spr5Jpr6KF/vehkLwJ0YmdGv8QwpWU+uw7J8bgijO0sox6ZCYsSNMbcsQjTqPi4xl+p0woIYpWXgChgHYpAc8g==

"@tauri-apps/cli@^2.11.3":
  version "2.11.3"
  resolved "https://registry.npmjs.org/@tauri-apps/cli/-/cli-2.11.3.tgz"
  integrity sha512-EElQe8z8uD7Pi5++tJ/UfEwWuK08rd3oCDYdeIbJAb6pZRrxlqmoF5gh5H5YvzmUPhS4IRCaLSsQhvWkrfK+GQ==
  optionalDependencies:
    "@tauri-apps/cli-darwin-arm64" "2.11.3"
    "@tauri-apps/cli-darwin-x64" "2.11.3"
    "@tauri-apps/cli-linux-arm-gnueabihf" "2.11.3"
    "@tauri-apps/cli-linux-arm64-gnu" "2.11.3"
    "@tauri-apps/cli-linux-arm64-musl" "2.11.3"
    "@tauri-apps/cli-linux-riscv64-gnu" "2.11.3"
    "@tauri-apps/cli-linux-x64-gnu" "2.11.3"
    "@tauri-apps/cli-linux-x64-musl" "2.11.3"
    "@tauri-apps/cli-win32-arm64-msvc" "2.11.3"
    "@tauri-apps/cli-win32-ia32-msvc" "2.11.3"
    "@tauri-apps/cli-win32-x64-msvc" "2.11.3"
